{
  "name": "b2b-expressjs-demo-app--parent",
  "version": "0.3.0",
  "lockfileVersion": 3,
  "requires": true,
  "packages": {
    "": {
      "name": "b2b-expressjs-demo-app--parent",
      "version": "0.3.0",
      "devDependencies": {},
      "engines": {
        "node": ">=18.12.1",
        "npm": ">=8.19.2"
      }
    }
  }
}
